
Microsoft Visual Studio Solution File, Format Version 12.00
# Visual Studio Version 17
VisualStudioVersion = 17.7.34024.191
MinimumVisualStudioVersion = 10.0.40219.1
Project("{FAE04EC0-301F-11D3-BF4B-00C04F79EFBC}") = "MovieStoreWebApi", "MovieStoreWebApi\MovieStoreWebApi.csproj", "{A987C53B-C19F-409B-BFD8-500A972D7229}"
EndProject
Project("{9A19103F-16F7-4668-BE54-9A1E7A4F7556}") = "MovieStoreWebApi.UnitTests", "..\..\MovieStore\Tests\MovieStoreWebApi.UnitTests\MovieStoreWebApi.UnitTests.csproj", "{BB6EE4E4-AA88-4EC3-8D70-28680BA5C363}"
EndProject
Global
	GlobalSection(SolutionConfigurationPlatforms) = preSolution
		Debug|Any CPU = Debug|Any CPU
		Release|Any CPU = Release|Any CPU
	EndGlobalSection
	GlobalSection(ProjectConfigurationPlatforms) = postSolution
		{A987C53B-C19F-409B-BFD8-500A972D7229}.Debug|Any CPU.ActiveCfg = Debug|Any CPU
		{A987C53B-C19F-409B-BFD8-500A972D7229}.Debug|Any CPU.Build.0 = Debug|Any CPU
		{A987C53B-C19F-409B-BFD8-500A972D7229}.Release|Any CPU.ActiveCfg = Release|Any CPU
		{A987C53B-C19F-409B-BFD8-500A972D7229}.Release|Any CPU.Build.0 = Release|Any CPU
		{BB6EE4E4-AA88-4EC3-8D70-28680BA5C363}.Debug|Any CPU.ActiveCfg = Debug|Any CPU
		{BB6EE4E4-AA88-4EC3-8D70-28680BA5C363}.Debug|Any CPU.Build.0 = Debug|Any CPU
		{BB6EE4E4-AA88-4EC3-8D70-28680BA5C363}.Release|Any CPU.ActiveCfg = Release|Any CPU
		{BB6EE4E4-AA88-4EC3-8D70-28680BA5C363}.Release|Any CPU.Build.0 = Release|Any CPU
	EndGlobalSection
	GlobalSection(SolutionProperties) = preSolution
		HideSolutionNode = FALSE
	EndGlobalSection
	GlobalSection(ExtensibilityGlobals) = postSolution
		SolutionGuid = {87BB66F4-6243-44A2-ABA5-FF2B6468BC3D}
	EndGlobalSection
EndGlobal
